// !$*UTF8*$!
{
	archiveVersion = 1;
	classes = {
	};
	objectVersion = 46;
	objects = {

/* Begin PBXBuildFile section */
		7E1866191F34CED600B818BC /* TableViewCell.swift in Sources */ = {isa = PBXBuildFile; fileRef = 7E1866181F34CED600B818BC /* TableViewCell.swift */; };
		7E18661B1F34E1AB00B818BC /* Language.swift in Sources */ = {isa = PBXBuildFile; fileRef = 7E18661A1F34E1AB00B818BC /* Language.swift */; };
		7E6DEFD81F34CC0300552166 /* AppDelegate.swift in Sources */ = {isa = PBXBuildFile; fileRef = 7E6DEFD71F34CC0300552166 /* AppDelegate.swift */; };
		7E6DEFDA1F34CC0300552166 /* ViewController.swift in Sources */ = {isa = PBXBuildFile; fileRef = 7E6DEFD91F34CC0300552166 /* ViewController.swift */; };
		7E6DEFDD1F34CC0400552166 /* Main.storyboard in Resources */ = {isa = PBXBuildFile; fileRef = 7E6DEFDB1F34CC0400552166 /* Main.storyboard */; };
		7E6DEFDF1F34CC0400552166 /* Assets.xcassets in Resources */ = {isa = PBXBuildFile; fileRef = 7E6DEFDE1F34CC0400552166 /* Assets.xcassets */; };
		7E6DEFE21F34CC0400552166 /* LaunchScreen.storyboard in Resources */ = {isa = PBXBuildFile; fileRef = 7E6DEFE01F34CC0400552166 /* LaunchScreen.storyboard */; };
		F0090EC13EC3C6D669FD7DE0 /* Pods_RealmStretchyList.framework in Frameworks */ = {isa = PBXBuildFile; fileRef = 58DAA56A7F4CF85CBDC766F8 /* Pods_RealmStretchyList.framework */; };
/* End PBXBuildFile section */

/* Begin PBXFileReference section */
		3B5ED68BE65CA4F2989A885F /* Pods-RealmStretchyList.debug.xcconfig */ = {isa = PBXFileReference; includeInIndex = 1; lastKnownFileType = text.xcconfig; name = "Pods-RealmStretchyList.debug.xcconfig"; path = "Pods/Target Support Files/Pods-RealmStretchyList/Pods-RealmStretchyList.debug.xcconfig"; sourceTree = "<group>"; };
		58DAA56A7F4CF85CBDC766F8 /* Pods_RealmStretchyList.framework */ = {isa = PBXFileReference; explicitFileType = wrapper.framework; includeInIndex = 0; path = Pods_RealmStretchyList.framework; sourceTree = BUILT_PRODUCTS_DIR; };
		6DC2B745E72302BA955CC364 /* Pods-RealmStretchyList.release.xcconfig */ = {isa = PBXFileReference; includeInIndex = 1; lastKnownFileType = text.xcconfig; name = "Pods-RealmStretchyList.release.xcconfig"; path = "Pods/Target Support Files/Pods-RealmStretchyList/Pods-RealmStretchyList.release.xcconfig"; sourceTree = "<group>"; };
		7E1866181F34CED600B818BC /* TableViewCell.swift */ = {isa = PBXFileReference; fileEncoding = 4; lastKnownFileType = sourcecode.swift; path = TableViewCell.swift; sourceTree = "<group>"; };
		7E18661A1F34E1AB00B818BC /* Language.swift */ = {isa = PBXFileReference; fileEncoding = 4; lastKnownFileType = sourcecode.swift; path = Language.swift; sourceTree = "<group>"; };
		7E6DEFD41F34CC0300552166 /* RealmStretchyList.app */ = {isa = PBXFileReference; explicitFileType = wrapper.application; includeInIndex = 0; path = RealmStretchyList.app; sourceTree = BUILT_PRODUCTS_DIR; };
		7E6DEFD71F34CC0300552166 /* AppDelegate.swift */ = {isa = PBXFileReference; lastKnownFileType = sourcecode.swift; path = AppDelegate.swift; sourceTree = "<group>"; };
		7E6DEFD91F34CC0300552166 /* ViewController.swift */ = {isa = PBXFileReference; lastKnownFileType = sourcecode.swift; path = ViewController.swift; sourceTree = "<group>"; };
		7E6DEFDC1F34CC0400552166 /* Base */ = {isa = PBXFileReference; lastKnownFileType = file.storyboard; name = Base; path = Base.lproj/Main.storyboard; sourceTree = "<group>"; };
		7E6DEFDE1F34CC0400552166 /* Assets.xcassets */ = {isa = PBXFileReference; lastKnownFileType = folder.assetcatalog; path = Assets.xcassets; sourceTree = "<group>"; };
		7E6DEFE11F34CC0400552166 /* Base */ = {isa = PBXFileReference; lastKnownFileType = file.storyboard; name = Base; path = Base.lproj/LaunchScreen.storyboard; sourceTree = "<group>"; };
		7E6DEFE31F34CC0400552166 /* Info.plist */ = {isa = PBXFileReference; lastKnownFileType = text.plist.xml; path = Info.plist; sourceTree = "<group>"; };
/* End PBXFileReference section */

/* Begin PBXFrameworksBuildPhase section */
		7E6DEFD11F34CC0300552166 /* Frameworks */ = {
			isa = PBXFrameworksBuildPhase;
			buildActionMask = 2147483647;
			files = (
				F0090EC13EC3C6D669FD7DE0 /* Pods_RealmStretchyList.framework in Frameworks */,
			);
			runOnlyForDeploymentPostprocessing = 0;
		};
/* End PBXFrameworksBuildPhase section */

/* Begin PBXGroup section */
		4665F0A10C0A6C7C3555682F /* Pods */ = {
			isa = PBXGroup;
			children = (
				3B5ED68BE65CA4F2989A885F /* Pods-RealmStretchyList.debug.xcconfig */,
				6DC2B745E72302BA955CC364 /* Pods-RealmStretchyList.release.xcconfig */,
			);
			name = Pods;
			sourceTree = "<group>";
		};
		7E6DEFCB1F34CC0300552166 = {
			isa = PBXGroup;
			children = (
				7E6DEFD61F34CC0300552166 /* RealmStretchyList */,
				7E6DEFD51F34CC0300552166 /* Products */,
				4665F0A10C0A6C7C3555682F /* Pods */,
				FE58A95E8363189723CEE131 /* Frameworks */,
			);
			sourceTree = "<group>";
		};
		7E6DEFD51F34CC0300552166 /* Products */ = {
			isa = PBXGroup;
			children = (
				7E6DEFD41F34CC0300552166 /* RealmStretchyList.app */,
			);
			name = Products;
			sourceTree = "<group>";
		};
		7E6DEFD61F34CC0300552166 /* RealmStretchyList */ = {
			isa = PBXGroup;
			children = (
				7E6DEFD71F34CC0300552166 /* AppDelegate.swift */,
				7E18661A1F34E1AB00B818BC /* Language.swift */,
				7E6DEFD91F34CC0300552166 /* ViewController.swift */,
				7E1866181F34CED600B818BC /* TableViewCell.swift */,
				7E6DEFDB1F34CC0400552166 /* Main.storyboard */,
				7E6DEFDE1F34CC0400552166 /* Assets.xcassets */,
				7E6DEFE01F34CC0400552166 /* LaunchScreen.storyboard */,
				7E6DEFE31F34CC0400552166 /* Info.plist */,
			);
			path = RealmStretchyList;
			sourceTree = "<group>";
		};
		FE58A95E8363189723CEE131 /* Frameworks */ = {
			isa = PBXGroup;
			children = (
				58DAA56A7F4CF85CBDC766F8 /* Pods_RealmStretchyList.framework */,
			);
			name = Frameworks;
			sourceTree = "<group>";
		};
/* End PBXGroup section */

/* Begin PBXNativeTarget section */
		7E6DEFD31F34CC0300552166 /* RealmStretchyList */ = {
			isa = PBXNativeTarget;
			buildConfigurationList = 7E6DEFE61F34CC0400552166 /* Build configuration list for PBXNativeTarget "RealmStretchyList" */;
			buildPhases = (
				282C97EF88748185B39BED61 /* [CP] Check Pods Manifest.lock */,
				7E6DEFD01F34CC0300552166 /* Sources */,
				7E6DEFD11F34CC0300552166 /* Frameworks */,
				7E6DEFD21F34CC0300552166 /* Resources */,
				FD197D30C50C7A58EDD9B11D /* [CP] Embed Pods Frameworks */,
				BF946807E2AFD425964F659D /* [CP] Copy Pods Resources */,
			);
			buildRules = (
			);
			dependencies = (
			);
			name = RealmStretchyList;
			productName = RealmStretchyList;
			productReference = 7E6DEFD41F34CC0300552166 /* RealmStretchyList.app */;
			productType = "com.apple.product-type.application";
		};
/* End PBXNativeTarget section */

/* Begin PBXProject section */
		7E6DEFCC1F34CC0300552166 /* Project object */ = {
			isa = PBXProject;
			attributes = {
				LastSwiftUpdateCheck = 0830;
				LastUpgradeCheck = 0830;
				ORGANIZATIONNAME = "Thiago Hissa";
				TargetAttributes = {
					7E6DEFD31F34CC0300552166 = {
						CreatedOnToolsVersion = 8.3.3;
						ProvisioningStyle = Automatic;
					};
				};
			};
			buildConfigurationList = 7E6DEFCF1F34CC0300552166 /* Build configuration list for PBXProject "RealmStretchyList" */;
			compatibilityVersion = "Xcode 3.2";
			developmentRegion = English;
			hasScannedForEncodings = 0;
			knownRegions = (
				en,
				Base,
			);
			mainGroup = 7E6DEFCB1F34CC0300552166;
			productRefGroup = 7E6DEFD51F34CC0300552166 /* Products */;
			projectDirPath = "";
			projectRoot = "";
			targets = (
				7E6DEFD31F34CC0300552166 /* RealmStretchyList */,
			);
		};
/* End PBXProject section */

/* Begin PBXResourcesBuildPhase section */
		7E6DEFD21F34CC0300552166 /* Resources */ = {
			isa = PBXResourcesBuildPhase;
			buildActionMask = 2147483647;
			files = (
				7E6DEFE21F34CC0400552166 /* LaunchScreen.storyboard in Resources */,
				7E6DEFDF1F34CC0400552166 /* Assets.xcassets in Resources */,
				7E6DEFDD1F34CC0400552166 /* Main.storyboard in Resources */,
			);
			runOnlyForDeploymentPostprocessing = 0;
		};
/* End PBXResourcesBuildPhase section */

/* Begin PBXShellScriptBuildPhase section */
		282C97EF88748185B39BED61 /* [CP] Check Pods Manifest.lock */ = {
			isa = PBXShellScriptBuildPhase;
			buildActionMask = 2147483647;
			files = (
			);
			inputPaths = (
			);
			name = "[CP] Check Pods Manifest.lock";
			outputPaths = (
			);
			runOnlyForDeploymentPostprocessing = 0;
			shellPath = /bin/sh;
			shellScript = "diff \"${PODS_ROOT}/../Podfile.lock\" \"${PODS_ROOT}/Manifest.lock\" > /dev/null\nif [ $? != 0 ] ; then\n    # print error to STDERR\n    echo \"error: The sandbox is not in sync with the Podfile.lock. Run 'pod install' or update your CocoaPods installation.\" >&2\n    exit 1\nfi\n";
			showEnvVarsInLog = 0;
		};
		BF946807E2AFD425964F659D /* [CP] Copy Pods Resources */ = {
			isa = PBXShellScriptBuildPhase;
			buildActionMask = 2147483647;
			files = (
			);
			inputPaths = (
			);
			name = "[CP] Copy Pods Resources";
			outputPaths = (
			);
			runOnlyForDeploymentPostprocessing = 0;
			shellPath = /bin/sh;
			shellScript = "\"${SRCROOT}/Pods/Target Support Files/Pods-RealmStretchyList/Pods-RealmStretchyList-resources.sh\"\n";
			showEnvVarsInLog = 0;
		};
		FD197D30C50C7A58EDD9B11D /* [CP] Embed Pods Frameworks */ = {
			isa = PBXShellScriptBuildPhase;
			buildActionMask = 2147483647;
			files = (
			);
			inputPaths = (
			);
			name = "[CP] Embed Pods Frameworks";
			outputPaths = (
			);
			runOnlyForDeploymentPostprocessing = 0;
			shellPath = /bin/sh;
			shellScript = "\"${SRCROOT}/Pods/Target Support Files/Pods-RealmStretchyList/Pods-RealmStretchyList-frameworks.sh\"\n";
			showEnvVarsInLog = 0;
		};
/* End PBXShellScriptBuildPhase section */

/* Begin PBXSourcesBuildPhase section */
		7E6DEFD01F34CC0300552166 /* Sources */ = {
			isa = PBXSourcesBuildPhase;
			buildActionMask = 2147483647;
			files = (
				7E1866191F34CED600B818BC /* TableViewCell.swift in Sources */,
				7E18661B1F34E1AB00B818BC /* Language.swift in Sources */,
				7E6DEFDA1F34CC0300552166 /* ViewController.swift in Sources */,
				7E6DEFD81F34CC0300552166 /* AppDelegate.swift in Sources */,
			);
			runOnlyForDeploymentPostprocessing = 0;
		};
/* End PBXSourcesBuildPhase section */

/* Begin PBXVariantGroup section */
		7E6DEFDB1F34CC0400552166 /* Main.storyboard */ = {
			isa = PBXVariantGroup;
			children = (
				7E6DEFDC1F34CC0400552166 /* Base */,
			);
			name = Main.storyboard;
			sourceTree = "<group>";
		};
		7E6DEFE01F34CC0400552166 /* LaunchScreen.storyboard */ = {
			isa = PBXVariantGroup;
			children = (
				7E6DEFE11F34CC0400552166 /* Base */,
			);
			name = LaunchScreen.storyboard;
			sourceTree = "<group>";
		};
/* End PBXVariantGroup section */

/* Begin XCBuildConfiguration section */
		7E6DEFE41F34CC0400552166 /* Debug */ = {
			isa = XCBuildConfiguration;
			buildSettings = {
				ALWAYS_SEARCH_USER_PATHS = NO;
				CLANG_ANALYZER_NONNULL = YES;
				CLANG_ANALYZER_NUMBER_OBJECT_CONVERSION = YES_AGGRESSIVE;
				CLANG_CXX_LANGUAGE_STANDARD = "gnu++0x";
				CLANG_CXX_LIBRARY = "libc++";
				CLANG_ENABLE_MODULES = YES;
				CLANG_ENABLE_OBJC_ARC = YES;
				CLANG_WARN_BOOL_CONVERSION = YES;
				CLANG_WARN_CONSTANT_CONVERSION = YES;
				CLANG_WARN_DIRECT_OBJC_ISA_USAGE = YES_ERROR;
				CLANG_WARN_DOCUMENTATION_COMMENTS = YES;
				CLANG_WARN_EMPTY_BODY = YES;
				CLANG_WARN_ENUM_CONVERSION = YES;
				CLANG_WARN_INFINITE_RECURSION = YES;
				CLANG_WARN_INT_CONVERSION = YES;
				CLANG_WARN_OBJC_ROOT_CLASS = YES_ERROR;
				CLANG_WARN_SUSPICIOUS_MOVE = YES;
				CLANG_WARN_UNREACHABLE_CODE = YES;
				CLANG_WARN__DUPLICATE_METHOD_MATCH = YES;
				"CODE_SIGN_IDENTITY[sdk=iphoneos*]" = "iPhone Developer";
				COPY_PHASE_STRIP = NO;
				DEBUG_INFORMATION_FORMAT = dwarf;
				ENABLE_STRICT_OBJC_MSGSEND = YES;
				ENABLE_TESTABILITY = YES;
				GCC_C_LANGUAGE_STANDARD = gnu99;
				GCC_DYNAMIC_NO_PIC = NO;
				GCC_NO_COMMON_BLOCKS = YES;
				GCC_OPTIMIZATION_LEVEL = 0;
				GCC_PREPROCESSOR_DEFINITIONS = (
					"DEBUG=1",
					"$(inherited)",
				);
				GCC_WARN_64_TO_32_BIT_CONVERSION = YES;
				GCC_WARN_ABOUT_RETURN_TYPE = YES_ERROR;
				GCC_WARN_UNDECLARED_SELECTOR = YES;
				GCC_WARN_UNINITIALIZED_AUTOS = YES_AGGRESSIVE;
				GCC_WARN_UNUSED_FUNCTION = YES;
				GCC_WARN_UNUSED_VARIABLE = YES;
				IPHONEOS_DEPLOYMENT_TARGET = 10.3;
				MTL_ENABLE_DEBUG_INFO = YES;
				ONLY_ACTIVE_ARCH = YES;
				SDKROOT = iphoneos;
				SWIFT_ACTIVE_COMPILATION_CONDITIONS = DEBUG;
				SWIFT_OPTIMIZATION_LEVEL = "-Onone";
			};
			name = Debug;
		};
		7E6DEFE51F34CC0400552166 /* Release */ = {
			isa = XCBuildConfiguration;
			buildSettings = {
				ALWAYS_SEARCH_USER_PATHS = NO;
				CLANG_ANALYZER_NONNULL = YES;
				CLANG_ANALYZER_NUMBER_OBJECT_CONVERSION = YES_AGGRESSIVE;
				CLANG_CXX_LANGUAGE_STANDARD = "gnu++0x";
				CLANG_CXX_LIBRARY = "libc++";
				CLANG_ENABLE_MODULES = YES;
				CLANG_ENABLE_OBJC_ARC = YES;
				CLANG_WARN_BOOL_CONVERSION = YES;
				CLANG_WARN_CONSTANT_CONVERSION = YES;
				CLANG_WARN_DIRECT_OBJC_ISA_USAGE = YES_ERROR;
				CLANG_WARN_DOCUMENTATION_COMMENTS = YES;
				CLANG_WARN_EMPTY_BODY = YES;
				CLANG_WARN_ENUM_CONVERSION = YES;
				CLANG_WARN_INFINITE_RECURSION = YES;
				CLANG_WARN_INT_CONVERSION = YES;
				CLANG_WARN_OBJC_ROOT_CLASS = YES_ERROR;
				CLANG_WARN_SUSPICIOUS_MOVE = YES;
				CLANG_WARN_UNREACHABLE_CODE = YES;
				CLANG_WARN__DUPLICATE_METHOD_MATCH = YES;
				"CODE_SIGN_IDENTITY[sdk=iphoneos*]" = "iPhone Developer";
				COPY_PHASE_STRIP = NO;
				DEBUG_INFORMATION_FORMAT = "dwarf-with-dsym";
				ENABLE_NS_ASSERTIONS = NO;
				ENABLE_STRICT_OBJC_MSGSEND = YES;
				GCC_C_LANGUAGE_STANDARD = gnu99;
				GCC_NO_COMMON_BLOCKS = YES;
				GCC_WARN_64_TO_32_BIT_CONVERSION = YES;
				GCC_WARN_ABOUT_RETURN_TYPE = YES_ERROR;
				GCC_WARN_UNDECLARED_SELECTOR = YES;
				GCC_WARN_UNINITIALIZED_AUTOS = YES_AGGRESSIVE;
				GCC_WARN_UNUSED_FUNCTION = YES;
				GCC_WARN_UNUSED_VARIABLE = YES;
				IPHONEOS_DEPLOYMENT_TARGET = 10.3;
				MTL_ENABLE_DEBUG_INFO = NO;
				SDKROOT = iphoneos;
				SWIFT_OPTIMIZATION_LEVEL = "-Owholemodule";
				VALIDATE_PRODUCT = YES;
			};
			name = Release;
		};
		7E6DEFE71F34CC0400552166 /* Debug */ = {
			isa = XCBuildConfiguration;
			baseConfigurationReference = 3B5ED68BE65CA4F2989A885F /* Pods-RealmStretchyList.debug.xcconfig */;
			buildSettings = {
				ASSETCATALOG_COMPILER_APPICON_NAME = AppIcon;
				INFOPLIST_FILE = RealmStretchyList/Info.plist;
				LD_RUNPATH_SEARCH_PATHS = "$(inherited) @executable_path/Frameworks";
				PRODUCT_BUNDLE_IDENTIFIER = com.cplayground.RealmStretchyList;
				PRODUCT_NAME = "$(TARGET_NAME)";
				SWIFT_VERSION = 3.0;
			};
			name = Debug;
		};
		7E6DEFE81F34CC0400552166 /* Release */ = {
			isa = XCBuildConfiguration;
			baseConfigurationReference = 6DC2B745E72302BA955CC364 /* Pods-RealmStretchyList.release.xcconfig */;
			buildSettings = {
				ASSETCATALOG_COMPILER_APPICON_NAME = AppIcon;
				INFOPLIST_FILE = RealmStretchyList/Info.plist;
				LD_RUNPATH_SEARCH_PATHS = "$(inherited) @executable_path/Frameworks";
				PRODUCT_BUNDLE_IDENTIFIER = com.cplayground.RealmStretchyList;
				PRODUCT_NAME = "$(TARGET_NAME)";
				SWIFT_VERSION = 3.0;
			};
			name = Release;
		};
/* End XCBuildConfiguration section */

/* Begin XCConfigurationList section */
		7E6DEFCF1F34CC0300552166 /* Build configuration list for PBXProject "RealmStretchyList" */ = {
			isa = XCConfigurationList;
			buildConfigurations = (
				7E6DEFE41F34CC0400552166 /* Debug */,
				7E6DEFE51F34CC0400552166 /* Release */,
			);
			defaultConfigurationIsVisible = 0;
			defaultConfigurationName = Release;
		};
		7E6DEFE61F34CC0400552166 /* Build configuration list for PBXNativeTarget "RealmStretchyList" */ = {
			isa = XCConfigurationList;
			buildConfigurations = (
				7E6DEFE71F34CC0400552166 /* Debug */,
				7E6DEFE81F34CC0400552166 /* Release */,
			);
			defaultConfigurationIsVisible = 0;
			defaultConfigurationName = Release;
		};
/* End XCConfigurationList section */
	};
	rootObject = 7E6DEFCC1F34CC0300552166 /* Project object */;
}
